# This file was autogenerated by Stack.
# You should not edit this file by hand.
# For more information, please see the documentation at:
#   https://docs.haskellstack.org/en/stable/lock_files

packages:
- completed:
    commit: c0ffee62bf8fba328b4da75ff8e0d6503ac9d433
    git: https://github.com/mgudemann/sat-solver.git
    name: CDCL
    pantry-tree:
      sha256: f2abab481404c96d0cb1557f08d32e8db6a6a3aaae978019fffb81a4756195ea
      size: 1252
    version: 0.1.0.0
  original:
    commit: c0ffee62bf8fba328b4da75ff8e0d6503ac9d433
    git: https://github.com/mgudemann/sat-solver.git
snapshots:
- completed:
    sha256: 79a786674930a89301b0e908fad2822a48882f3d01486117693c377b8edffdbe
    size: 590102
    url: https://raw.githubusercontent.com/commercialhaskell/stackage-snapshots/master/lts/18/27.yaml
  original: lts-18.27
