# This file was autogenerated by Stack.
# You should not edit this file by hand.
# For more information, please see the documentation at:
#   https://docs.haskellstack.org/en/stable/lock_files

packages:
- completed:
    hackage: picosat-0.1.6@sha256:7d3130af636c6c8a0b373446a090daa15511d6cb0b264f4b921fa5d4a81b59a3,2138
    pantry-tree:
      size: 541
      sha256: 4cb3a66ee7b3ca57b680ebe41815a5965b0860d191cdf08787bb78d0e2fb650b
  original:
    hackage: picosat-0.1.6@sha256:7d3130af636c6c8a0b373446a090daa15511d6cb0b264f4b921fa5d4a81b59a3,2138
snapshots:
- completed:
    size: 532382
    url: https://raw.githubusercontent.com/commercialhaskell/stackage-snapshots/master/lts/16/14.yaml
    sha256: 1ef27e36f38824abafc43224ca612211b3828fa9ffd31ba0fc2867ae2e19ba90
  original: lts-16.14
