# This file was autogenerated by Stack.
# You should not edit this file by hand.
# For more information, please see the documentation at:
#   https://docs.haskellstack.org/en/stable/lock_files

packages:
- completed:
    name: CDCL
    version: 0.1.0.0
    git: https://github.com/mgudemann/sat-solver.git
    pantry-tree:
      size: 1139
      sha256: 2e210c04f08841efba6e4812603d7bf29c8a1430c316bdd39b9ded9112316600
    commit: 000000dfabab07506f34f1224a0075b2b449ba93
  original:
    git: https://github.com/mgudemann/sat-solver.git
    commit: 000000dfabab07506f34f1224a0075b2b449ba93
snapshots:
- completed:
    size: 587126
    url: https://raw.githubusercontent.com/commercialhaskell/stackage-snapshots/master/lts/18/8.yaml
    sha256: 93a107557e8691ed5ca17beaee41e68222b142c48868fc8c04a4181fb233477d
  original: lts-18.8
